Microsoft Visual Studio Solution File, Format Version 12.00
# Visual Studio 2012
Project("{FAE04EC0-301F-11D3-BF4B-00C04F79EFBC}") = "Utility Grid", "Utility Grid.csproj", "{552380B7-2A36-42E1-9E65-575A61490F8E}"
EndProject
Global
	GlobalSection(SolutionConfigurationPlatforms) = preSolution
	Debug|Any CPU = Debug|Any CPU
	Release|Any CPU = Release|Any CPU
	Tools|Any CPU = Tools|Any CPU
	EndGlobalSection
	GlobalSection(ProjectConfigurationPlatforms) = postSolution
		{552380B7-2A36-42E1-9E65-575A61490F8E}.Debug|Any CPU.ActiveCfg = Debug|Any CPU
		{552380B7-2A36-42E1-9E65-575A61490F8E}.Debug|Any CPU.Build.0 = Debug|Any CPU
		{552380B7-2A36-42E1-9E65-575A61490F8E}.Release|Any CPU.ActiveCfg = Release|Any CPU
		{552380B7-2A36-42E1-9E65-575A61490F8E}.Release|Any CPU.Build.0 = Release|Any CPU
		{552380B7-2A36-42E1-9E65-575A61490F8E}.Tools|Any CPU.ActiveCfg = Tools|Any CPU
		{552380B7-2A36-42E1-9E65-575A61490F8E}.Tools|Any CPU.Build.0 = Tools|Any CPU
	EndGlobalSection
EndGlobal
