
Microsoft Visual Studio Solution File, Format Version 12.00
Project("{FAE04EC0-301F-11D3-BF4B-00C04F79EFBC}") = "Game", "Game\Game.csproj", "{C97D4BCB-00F3-4360-A9FE-8A23B9CF8C0A}"
EndProject
Project("{FAE04EC0-301F-11D3-BF4B-00C04F79EFBC}") = "Engine", "Engine\Engine.csproj", "{8D452E4F-A76C-4EF0-AD23-0C4DFAF09AEF}"
EndProject
Global
	GlobalSection(SolutionConfigurationPlatforms) = preSolution
		Debug|Any CPU = Debug|Any CPU
		Release|Any CPU = Release|Any CPU
	EndGlobalSection
	GlobalSection(ProjectConfigurationPlatforms) = postSolution
		{C97D4BCB-00F3-4360-A9FE-8A23B9CF8C0A}.Debug|Any CPU.ActiveCfg = Debug|Any CPU
		{C97D4BCB-00F3-4360-A9FE-8A23B9CF8C0A}.Debug|Any CPU.Build.0 = Debug|Any CPU
		{C97D4BCB-00F3-4360-A9FE-8A23B9CF8C0A}.Release|Any CPU.ActiveCfg = Release|Any CPU
		{C97D4BCB-00F3-4360-A9FE-8A23B9CF8C0A}.Release|Any CPU.Build.0 = Release|Any CPU
		{8D452E4F-A76C-4EF0-AD23-0C4DFAF09AEF}.Debug|Any CPU.ActiveCfg = Debug|Any CPU
		{8D452E4F-A76C-4EF0-AD23-0C4DFAF09AEF}.Debug|Any CPU.Build.0 = Debug|Any CPU
		{8D452E4F-A76C-4EF0-AD23-0C4DFAF09AEF}.Release|Any CPU.ActiveCfg = Release|Any CPU
		{8D452E4F-A76C-4EF0-AD23-0C4DFAF09AEF}.Release|Any CPU.Build.0 = Release|Any CPU
	EndGlobalSection
EndGlobal
